
Microsoft Visual Studio Solution File, Format Version 12.00
# Visual Studio 15
VisualStudioVersion = 15.0.28010.2026
MinimumVisualStudioVersion = 10.0.40219.1
Project("{FAE04EC0-301F-11D3-BF4B-00C04F79EFBC}") = "SistemaVendas", "SistemaVendas\SistemaVendas.csproj", "{4A758E5B-8744-4600-9A5D-FD62B2205953}"
EndProject
Global
	GlobalSection(SolutionConfigurationPlatforms) = preSolution
		Debug|Any CPU = Debug|Any CPU
		Release|Any CPU = Release|Any CPU
	EndGlobalSection
	GlobalSection(ProjectConfigurationPlatforms) = postSolution
		{4A758E5B-8744-4600-9A5D-FD62B2205953}.Debug|Any CPU.ActiveCfg = Debug|Any CPU
		{4A758E5B-8744-4600-9A5D-FD62B2205953}.Debug|Any CPU.Build.0 = Debug|Any CPU
		{4A758E5B-8744-4600-9A5D-FD62B2205953}.Release|Any CPU.ActiveCfg = Release|Any CPU
		{4A758E5B-8744-4600-9A5D-FD62B2205953}.Release|Any CPU.Build.0 = Release|Any CPU
	EndGlobalSection
	GlobalSection(SolutionProperties) = preSolution
		HideSolutionNode = FALSE
	EndGlobalSection
	GlobalSection(ExtensibilityGlobals) = postSolution
		SolutionGuid = {E09E5E94-21B7-4720-B0ED-C89DD58E3641}
	EndGlobalSection
EndGlobal
